// !$*UTF8*$!
{
	archiveVersion = 1;
	classes = {
	};
	objectVersion = 50;
	objects = {

/* Begin PBXBuildFile section */
		4AD3E0C624E13D8A00AB327E /* happybirthday.mp3 in Resources */ = {isa = PBXBuildFile; fileRef = 4AD3E0C524E13D8A00AB327E /* happybirthday.mp3 */; };
		4AD3E0C824E13E7600AB327E /* AudioItems.swift in Sources */ = {isa = PBXBuildFile; fileRef = 4AD3E0C724E13E7600AB327E /* AudioItems.swift */; };
		4AD3E0CB24E2A9C900AB327E /* birdSound6.mp3 in Resources */ = {isa = PBXBuildFile; fileRef = 4AD3E0C924E2A9C800AB327E /* birdSound6.mp3 */; };
		4AD3E0CC24E2A9C900AB327E /* birdSound7.wav in Resources */ = {isa = PBXBuildFile; fileRef = 4AD3E0CA24E2A9C900AB327E /* birdSound7.wav */; };
		4AD3E0CE24E2A9EF00AB327E /* happybirthday1.wav in Resources */ = {isa = PBXBuildFile; fileRef = 4AD3E0CD24E2A9EF00AB327E /* happybirthday1.wav */; };
		4AD3E0D624E2AB7000AB327E /* music_box_2.wav in Resources */ = {isa = PBXBuildFile; fileRef = 4AD3E0CF24E2AB6D00AB327E /* music_box_2.wav */; };
		4AD3E0D724E2AB7000AB327E /* music_box_3.mp3 in Resources */ = {isa = PBXBuildFile; fileRef = 4AD3E0D024E2AB6E00AB327E /* music_box_3.mp3 */; };
		4AD3E0D824E2AB7000AB327E /* music_box_6.mp3 in Resources */ = {isa = PBXBuildFile; fileRef = 4AD3E0D124E2AB6E00AB327E /* music_box_6.mp3 */; };
		4AD3E0D924E2AB7000AB327E /* music_box_7.wav in Resources */ = {isa = PBXBuildFile; fileRef = 4AD3E0D224E2AB6F00AB327E /* music_box_7.wav */; };
		4AD3E0DA24E2AB7000AB327E /* music_box_1.mp3 in Resources */ = {isa = PBXBuildFile; fileRef = 4AD3E0D324E2AB6F00AB327E /* music_box_1.mp3 */; };
		4AD3E0DB24E2AB7000AB327E /* music_box_4.mp3 in Resources */ = {isa = PBXBuildFile; fileRef = 4AD3E0D424E2AB6F00AB327E /* music_box_4.mp3 */; };
		4AD3E0DC24E2AB7000AB327E /* music_box_5.mp3 in Resources */ = {isa = PBXBuildFile; fileRef = 4AD3E0D524E2AB6F00AB327E /* music_box_5.mp3 */; };
		4AD3E0E124E2ACE400AB327E /* SleepBoy5.mp3 in Resources */ = {isa = PBXBuildFile; fileRef = 4AD3E0DD24E2ACE200AB327E /* SleepBoy5.mp3 */; };
		4AD3E0E224E2ACE400AB327E /* SleepBoy4.mp3 in Resources */ = {isa = PBXBuildFile; fileRef = 4AD3E0DE24E2ACE300AB327E /* SleepBoy4.mp3 */; };
		4AD3E0E324E2ACE400AB327E /* SleepBoy3.mp3 in Resources */ = {isa = PBXBuildFile; fileRef = 4AD3E0DF24E2ACE400AB327E /* SleepBoy3.mp3 */; };
		4AD3E0E424E2ACE400AB327E /* SleepBoy6.mp3 in Resources */ = {isa = PBXBuildFile; fileRef = 4AD3E0E024E2ACE400AB327E /* SleepBoy6.mp3 */; };
		4AD3E0E924E2ADC600AB327E /* SleepGirl4.mp3 in Resources */ = {isa = PBXBuildFile; fileRef = 4AD3E0E524E2ADC400AB327E /* SleepGirl4.mp3 */; };
		4AD3E0EA24E2ADC600AB327E /* SleepGirl3.mp3 in Resources */ = {isa = PBXBuildFile; fileRef = 4AD3E0E624E2ADC500AB327E /* SleepGirl3.mp3 */; };
		4AD3E0EB24E2ADC600AB327E /* SleepGirl5.mp3 in Resources */ = {isa = PBXBuildFile; fileRef = 4AD3E0E724E2ADC500AB327E /* SleepGirl5.mp3 */; };
		4AD3E0EC24E2ADC600AB327E /* SleepGirl6.mp3 in Resources */ = {isa = PBXBuildFile; fileRef = 4AD3E0E824E2ADC600AB327E /* SleepGirl6.mp3 */; };
		4AD3E0F224E2AF3100AB327E /* SleepLullaby3.mp3 in Resources */ = {isa = PBXBuildFile; fileRef = 4AD3E0ED24E2AF2E00AB327E /* SleepLullaby3.mp3 */; };
		4AD3E0F324E2AF3100AB327E /* SleepLullaby6.mp3 in Resources */ = {isa = PBXBuildFile; fileRef = 4AD3E0EE24E2AF2F00AB327E /* SleepLullaby6.mp3 */; };
		4AD3E0F424E2AF3100AB327E /* SleepLullaby4.mp3 in Resources */ = {isa = PBXBuildFile; fileRef = 4AD3E0EF24E2AF2F00AB327E /* SleepLullaby4.mp3 */; };
		4AD3E0F524E2AF3100AB327E /* SleepLullaby5.mp3 in Resources */ = {isa = PBXBuildFile; fileRef = 4AD3E0F024E2AF3000AB327E /* SleepLullaby5.mp3 */; };
		4AD3E0F624E2AF3100AB327E /* SleepLullaby7.wav in Resources */ = {isa = PBXBuildFile; fileRef = 4AD3E0F124E2AF3100AB327E /* SleepLullaby7.wav */; };
		4AD3E0FB24E2B0AB00AB327E /* catLullaby2_item1.mp3 in Resources */ = {isa = PBXBuildFile; fileRef = 4AD3E0F724E2B0A900AB327E /* catLullaby2_item1.mp3 */; };
		4AD3E0FC24E2B0AB00AB327E /* catLullaby2_item2.mp3 in Resources */ = {isa = PBXBuildFile; fileRef = 4AD3E0F824E2B0A900AB327E /* catLullaby2_item2.mp3 */; };
		4AD3E0FD24E2B0AB00AB327E /* catLullaby2_item3.mp3 in Resources */ = {isa = PBXBuildFile; fileRef = 4AD3E0F924E2B0AA00AB327E /* catLullaby2_item3.mp3 */; };
		4AD3E0FE24E2B0AB00AB327E /* catLullaby2_item0.mp3 in Resources */ = {isa = PBXBuildFile; fileRef = 4AD3E0FA24E2B0AB00AB327E /* catLullaby2_item0.mp3 */; };
		4AD3E10224E2B2A600AB327E /* catLullaby3_item2.wav in Resources */ = {isa = PBXBuildFile; fileRef = 4AD3E0FF24E2B2A500AB327E /* catLullaby3_item2.wav */; };
		4AD3E10324E2B2A600AB327E /* catLullaby3_item0.mp3 in Resources */ = {isa = PBXBuildFile; fileRef = 4AD3E10024E2B2A500AB327E /* catLullaby3_item0.mp3 */; };
		4AD3E10424E2B2A600AB327E /* catLullaby3_item1.mp3 in Resources */ = {isa = PBXBuildFile; fileRef = 4AD3E10124E2B2A600AB327E /* catLullaby3_item1.mp3 */; };
		4AFD906424D95FF600551004 /* catLullaby2_item5.mp3 in Resources */ = {isa = PBXBuildFile; fileRef = 4AFD906324D95FF600551004 /* catLullaby2_item5.mp3 */; };
		A3081A8924B9E3C8005118B4 /* birdSound.mp3 in Resources */ = {isa = PBXBuildFile; fileRef = A3081A8824B9E3C8005118B4 /* birdSound.mp3 */; };
		A3081A9924BA17B3005118B4 /* birdSound2.mp3 in Resources */ = {isa = PBXBuildFile; fileRef = A3081A9824BA17B3005118B4 /* birdSound2.mp3 */; };
		A3081A9D24BA1C0E005118B4 /* birdSound4.mp3 in Resources */ = {isa = PBXBuildFile; fileRef = A3081A9A24BA1C0E005118B4 /* birdSound4.mp3 */; };
		A3081A9E24BA1C0E005118B4 /* birdSound3.mp3 in Resources */ = {isa = PBXBuildFile; fileRef = A3081A9B24BA1C0E005118B4 /* birdSound3.mp3 */; };
		A3081A9F24BA1C0E005118B4 /* birdSound5.mp3 in Resources */ = {isa = PBXBuildFile; fileRef = A3081A9C24BA1C0E005118B4 /* birdSound5.mp3 */; };
		A33DDD4D24B0861700BEF2A9 /* AppDelegate.swift in Sources */ = {isa = PBXBuildFile; fileRef = A33DDD4C24B0861700BEF2A9 /* AppDelegate.swift */; };
		A33DDD4F24B0861700BEF2A9 /* SceneDelegate.swift in Sources */ = {isa = PBXBuildFile; fileRef = A33DDD4E24B0861700BEF2A9 /* SceneDelegate.swift */; };
		A33DDD5124B0861700BEF2A9 /* ViewController.swift in Sources */ = {isa = PBXBuildFile; fileRef = A33DDD5024B0861700BEF2A9 /* ViewController.swift */; };
		A33DDD5424B0861700BEF2A9 /* Main.storyboard in Resources */ = {isa = PBXBuildFile; fileRef = A33DDD5224B0861700BEF2A9 /* Main.storyboard */; };
		A33DDD5624B0861B00BEF2A9 /* Assets.xcassets in Resources */ = {isa = PBXBuildFile; fileRef = A33DDD5524B0861B00BEF2A9 /* Assets.xcassets */; };
		A33DDD5924B0861B00BEF2A9 /* LaunchScreen.storyboard in Resources */ = {isa = PBXBuildFile; fileRef = A33DDD5724B0861B00BEF2A9 /* LaunchScreen.storyboard */; };
		A33DDD6224B0890300BEF2A9 /* ItemCollectionViewCell.swift in Sources */ = {isa = PBXBuildFile; fileRef = A33DDD6024B0890300BEF2A9 /* ItemCollectionViewCell.swift */; };
		A33DDD6324B0890300BEF2A9 /* ItemCollectionViewCell.xib in Resources */ = {isa = PBXBuildFile; fileRef = A33DDD6124B0890300BEF2A9 /* ItemCollectionViewCell.xib */; };
		A33DDD6524B09CD700BEF2A9 /* SoundsListDetailVC.swift in Sources */ = {isa = PBXBuildFile; fileRef = A33DDD6424B09CD700BEF2A9 /* SoundsListDetailVC.swift */; };
		A33DDD6724B0B3EC00BEF2A9 /* SoundPlayerVC.swift in Sources */ = {isa = PBXBuildFile; fileRef = A33DDD6624B0B3EC00BEF2A9 /* SoundPlayerVC.swift */; };
		A33FFD8824E009A90097E454 /* SleepLullaby1.mp3 in Resources */ = {isa = PBXBuildFile; fileRef = A33FFD8724E009A90097E454 /* SleepLullaby1.mp3 */; };
		A33FFD8A24E00B240097E454 /* catLullaby2_item4.mp3 in Resources */ = {isa = PBXBuildFile; fileRef = A33FFD8924E00B230097E454 /* catLullaby2_item4.mp3 */; };
		A33FFD8F24E00C2D0097E454 /* catLullaby3_item3.mp3 in Resources */ = {isa = PBXBuildFile; fileRef = A33FFD8C24E00C2B0097E454 /* catLullaby3_item3.mp3 */; };
		A33FFD9024E00C2D0097E454 /* catLullaby3_item4.mp3 in Resources */ = {isa = PBXBuildFile; fileRef = A33FFD8D24E00C2C0097E454 /* catLullaby3_item4.mp3 */; };
		A33FFD9124E00C2D0097E454 /* catLullaby3_item5.mp3 in Resources */ = {isa = PBXBuildFile; fileRef = A33FFD8E24E00C2D0097E454 /* catLullaby3_item5.mp3 */; };
		A33FFD9424E010060097E454 /* SleepBoy2.mp3 in Resources */ = {isa = PBXBuildFile; fileRef = A33FFD9224E010050097E454 /* SleepBoy2.mp3 */; };
		A33FFD9524E010060097E454 /* SleepBoy1.mp3 in Resources */ = {isa = PBXBuildFile; fileRef = A33FFD9324E010060097E454 /* SleepBoy1.mp3 */; };
		A33FFD9824E013950097E454 /* SleepGirl2.mp3 in Resources */ = {isa = PBXBuildFile; fileRef = A33FFD9624E013950097E454 /* SleepGirl2.mp3 */; };
		A33FFD9924E013950097E454 /* SleepGirl1.mp3 in Resources */ = {isa = PBXBuildFile; fileRef = A33FFD9724E013950097E454 /* SleepGirl1.mp3 */; };
		A382C22224C45C7D00A40F76 /* Utilities.swift in Sources */ = {isa = PBXBuildFile; fileRef = A382C22124C45C7D00A40F76 /* Utilities.swift */; };
		A3C7CFF824CDAF8F00C1FB6A /* hairdryer1.mp3 in Resources */ = {isa = PBXBuildFile; fileRef = A3C7CFF724CDAF8F00C1FB6A /* hairdryer1.mp3 */; };
		A3C7CFFA24CDAF9E00C1FB6A /* SleepLullaby2.mp3 in Resources */ = {isa = PBXBuildFile; fileRef = A3C7CFF924CDAF9E00C1FB6A /* SleepLullaby2.mp3 */; };
		A3C7CFFC24CDAFB200C1FB6A /* music_box_0.mp3 in Resources */ = {isa = PBXBuildFile; fileRef = A3C7CFFB24CDAFB200C1FB6A /* music_box_0.mp3 */; };
		A3C7CFFE24CDAFC400C1FB6A /* watersound1.mp3 in Resources */ = {isa = PBXBuildFile; fileRef = A3C7CFFD24CDAFC400C1FB6A /* watersound1.mp3 */; };
		A3C7D00024CDAFD100C1FB6A /* wave1.mp3 in Resources */ = {isa = PBXBuildFile; fileRef = A3C7CFFF24CDAFD100C1FB6A /* wave1.mp3 */; };
		A3C7D00924CDB47B00C1FB6A /* EdvardGrieg-Peer-gynt-morning-mood.mp3 in Resources */ = {isa = PBXBuildFile; fileRef = A3C7D00424CDB47B00C1FB6A /* EdvardGrieg-Peer-gynt-morning-mood.mp3 */; };
		A3C7D00A24CDB47B00C1FB6A /* Vivaldi-The-four-seasons-winter.mp3 in Resources */ = {isa = PBXBuildFile; fileRef = A3C7D00524CDB47B00C1FB6A /* Vivaldi-The-four-seasons-winter.mp3 */; };
		A3C7D00D24CDB90700C1FB6A /* Chopin-Nocturneop.9No.2.mp3 in Resources */ = {isa = PBXBuildFile; fileRef = A3C7D00B24CDB90600C1FB6A /* Chopin-Nocturneop.9No.2.mp3 */; };
		A3C7D01024CDB9B700C1FB6A /* Beethoven-FurElise.mp3 in Resources */ = {isa = PBXBuildFile; fileRef = A3C7D00F24CDB9B700C1FB6A /* Beethoven-FurElise.mp3 */; };
		A3C7D01424CE083200C1FB6A /* mozart-piano-Sonata.mp3 in Resources */ = {isa = PBXBuildFile; fileRef = A3C7D01324CE083200C1FB6A /* mozart-piano-Sonata.mp3 */; };
		A3C7D01724CE084200C1FB6A /* whitenoise1.mp3 in Resources */ = {isa = PBXBuildFile; fileRef = A3C7D01524CE084100C1FB6A /* whitenoise1.mp3 */; };
		A3C7D01824CE084200C1FB6A /* whitenoise2.mp3 in Resources */ = {isa = PBXBuildFile; fileRef = A3C7D01624CE084200C1FB6A /* whitenoise2.mp3 */; };
		A3C7D01B24CE087100C1FB6A /* campfire1.mp3 in Resources */ = {isa = PBXBuildFile; fileRef = A3C7D01A24CE087100C1FB6A /* campfire1.mp3 */; };
		A3C7D02024CE0B4C00C1FB6A /* kolicvacumm.mp3 in Resources */ = {isa = PBXBuildFile; fileRef = A3C7D01F24CE0B4C00C1FB6A /* kolicvacumm.mp3 */; };
		A3C7D02624CE104900C1FB6A /* womb.mp3 in Resources */ = {isa = PBXBuildFile; fileRef = A3C7D02524CE104800C1FB6A /* womb.mp3 */; };
		A3D39ABF24C59A9300C538A7 /* SliderCostumHeight.swift in Sources */ = {isa = PBXBuildFile; fileRef = A3D39ABE24C59A9300C538A7 /* SliderCostumHeight.swift */; };
/* End PBXBuildFile section */

/* Begin PBXFileReference section */
		4AD3E0C524E13D8A00AB327E /* happybirthday.mp3 */ = {isa = PBXFileReference; lastKnownFileType = audio.mp3; path = happybirthday.mp3; sourceTree = "<group>"; };
		4AD3E0C724E13E7600AB327E /* AudioItems.swift */ = {isa = PBXFileReference; lastKnownFileType = sourcecode.swift; path = AudioItems.swift; sourceTree = "<group>"; };
		4AD3E0C924E2A9C800AB327E /* birdSound6.mp3 */ = {isa = PBXFileReference; lastKnownFileType = audio.mp3; path = birdSound6.mp3; sourceTree = "<group>"; };
		4AD3E0CA24E2A9C900AB327E /* birdSound7.wav */ = {isa = PBXFileReference; lastKnownFileType = audio.wav; path = birdSound7.wav; sourceTree = "<group>"; };
		4AD3E0CD24E2A9EF00AB327E /* happybirthday1.wav */ = {isa = PBXFileReference; lastKnownFileType = audio.wav; path = happybirthday1.wav; sourceTree = "<group>"; };
		4AD3E0CF24E2AB6D00AB327E /* music_box_2.wav */ = {isa = PBXFileReference; lastKnownFileType = audio.wav; path = music_box_2.wav; sourceTree = "<group>"; };
		4AD3E0D024E2AB6E00AB327E /* music_box_3.mp3 */ = {isa = PBXFileReference; lastKnownFileType = audio.mp3; path = music_box_3.mp3; sourceTree = "<group>"; };
		4AD3E0D124E2AB6E00AB327E /* music_box_6.mp3 */ = {isa = PBXFileReference; lastKnownFileType = audio.mp3; path = music_box_6.mp3; sourceTree = "<group>"; };
		4AD3E0D224E2AB6F00AB327E /* music_box_7.wav */ = {isa = PBXFileReference; lastKnownFileType = audio.wav; path = music_box_7.wav; sourceTree = "<group>"; };
		4AD3E0D324E2AB6F00AB327E /* music_box_1.mp3 */ = {isa = PBXFileReference; lastKnownFileType = audio.mp3; path = music_box_1.mp3; sourceTree = "<group>"; };
		4AD3E0D424E2AB6F00AB327E /* music_box_4.mp3 */ = {isa = PBXFileReference; lastKnownFileType = audio.mp3; path = music_box_4.mp3; sourceTree = "<group>"; };
		4AD3E0D524E2AB6F00AB327E /* music_box_5.mp3 */ = {isa = PBXFileReference; lastKnownFileType = audio.mp3; path = music_box_5.mp3; sourceTree = "<group>"; };
		4AD3E0DD24E2ACE200AB327E /* SleepBoy5.mp3 */ = {isa = PBXFileReference; lastKnownFileType = audio.mp3; path = SleepBoy5.mp3; sourceTree = "<group>"; };
		4AD3E0DE24E2ACE300AB327E /* SleepBoy4.mp3 */ = {isa = PBXFileReference; lastKnownFileType = audio.mp3; path = SleepBoy4.mp3; sourceTree = "<group>"; };
		4AD3E0DF24E2ACE400AB327E /* SleepBoy3.mp3 */ = {isa = PBXFileReference; lastKnownFileType = audio.mp3; path = SleepBoy3.mp3; sourceTree = "<group>"; };
		4AD3E0E024E2ACE400AB327E /* SleepBoy6.mp3 */ = {isa = PBXFileReference; lastKnownFileType = audio.mp3; path = SleepBoy6.mp3; sourceTree = "<group>"; };
		4AD3E0E524E2ADC400AB327E /* SleepGirl4.mp3 */ = {isa = PBXFileReference; lastKnownFileType = audio.mp3; path = SleepGirl4.mp3; sourceTree = "<group>"; };
		4AD3E0E624E2ADC500AB327E /* SleepGirl3.mp3 */ = {isa = PBXFileReference; lastKnownFileType = audio.mp3; path = SleepGirl3.mp3; sourceTree = "<group>"; };
		4AD3E0E724E2ADC500AB327E /* SleepGirl5.mp3 */ = {isa = PBXFileReference; lastKnownFileType = audio.mp3; path = SleepGirl5.mp3; sourceTree = "<group>"; };
		4AD3E0E824E2ADC600AB327E /* SleepGirl6.mp3 */ = {isa = PBXFileReference; lastKnownFileType = audio.mp3; path = SleepGirl6.mp3; sourceTree = "<group>"; };
		4AD3E0ED24E2AF2E00AB327E /* SleepLullaby3.mp3 */ = {isa = PBXFileReference; lastKnownFileType = audio.mp3; path = SleepLullaby3.mp3; sourceTree = "<group>"; };
		4AD3E0EE24E2AF2F00AB327E /* SleepLullaby6.mp3 */ = {isa = PBXFileReference; lastKnownFileType = audio.mp3; path = SleepLullaby6.mp3; sourceTree = "<group>"; };
		4AD3E0EF24E2AF2F00AB327E /* SleepLullaby4.mp3 */ = {isa = PBXFileReference; lastKnownFileType = audio.mp3; path = SleepLullaby4.mp3; sourceTree = "<group>"; };
		4AD3E0F024E2AF3000AB327E /* SleepLullaby5.mp3 */ = {isa = PBXFileReference; lastKnownFileType = audio.mp3; path = SleepLullaby5.mp3; sourceTree = "<group>"; };
		4AD3E0F124E2AF3100AB327E /* SleepLullaby7.wav */ = {isa = PBXFileReference; lastKnownFileType = audio.wav; path = SleepLullaby7.wav; sourceTree = "<group>"; };
		4AD3E0F724E2B0A900AB327E /* catLullaby2_item1.mp3 */ = {isa = PBXFileReference; lastKnownFileType = audio.mp3; path = catLullaby2_item1.mp3; sourceTree = "<group>"; };
		4AD3E0F824E2B0A900AB327E /* catLullaby2_item2.mp3 */ = {isa = PBXFileReference; lastKnownFileType = audio.mp3; path = catLullaby2_item2.mp3; sourceTree = "<group>"; };
		4AD3E0F924E2B0AA00AB327E /* catLullaby2_item3.mp3 */ = {isa = PBXFileReference; lastKnownFileType = audio.mp3; path = catLullaby2_item3.mp3; sourceTree = "<group>"; };
		4AD3E0FA24E2B0AB00AB327E /* catLullaby2_item0.mp3 */ = {isa = PBXFileReference; lastKnownFileType = audio.mp3; path = catLullaby2_item0.mp3; sourceTree = "<group>"; };
		4AD3E0FF24E2B2A500AB327E /* catLullaby3_item2.wav */ = {isa = PBXFileReference; lastKnownFileType = audio.wav; path = catLullaby3_item2.wav; sourceTree = "<group>"; };
		4AD3E10024E2B2A500AB327E /* catLullaby3_item0.mp3 */ = {isa = PBXFileReference; lastKnownFileType = audio.mp3; path = catLullaby3_item0.mp3; sourceTree = "<group>"; };
		4AD3E10124E2B2A600AB327E /* catLullaby3_item1.mp3 */ = {isa = PBXFileReference; lastKnownFileType = audio.mp3; path = catLullaby3_item1.mp3; sourceTree = "<group>"; };
		4AFD906324D95FF600551004 /* catLullaby2_item5.mp3 */ = {isa = PBXFileReference; lastKnownFileType = audio.mp3; path = catLullaby2_item5.mp3; sourceTree = "<group>"; };
		A3081A8824B9E3C8005118B4 /* birdSound.mp3 */ = {isa = PBXFileReference; lastKnownFileType = audio.mp3; path = birdSound.mp3; sourceTree = "<group>"; };
		A3081A9824BA17B3005118B4 /* birdSound2.mp3 */ = {isa = PBXFileReference; lastKnownFileType = audio.mp3; path = birdSound2.mp3; sourceTree = "<group>"; };
		A3081A9A24BA1C0E005118B4 /* birdSound4.mp3 */ = {isa = PBXFileReference; lastKnownFileType = audio.mp3; path = birdSound4.mp3; sourceTree = "<group>"; };
		A3081A9B24BA1C0E005118B4 /* birdSound3.mp3 */ = {isa = PBXFileReference; lastKnownFileType = audio.mp3; path = birdSound3.mp3; sourceTree = "<group>"; };
		A3081A9C24BA1C0E005118B4 /* birdSound5.mp3 */ = {isa = PBXFileReference; lastKnownFileType = audio.mp3; path = birdSound5.mp3; sourceTree = "<group>"; };
		A33DDD4924B0861700BEF2A9 /* MyBaby.app */ = {isa = PBXFileReference; explicitFileType = wrapper.application; includeInIndex = 0; path = MyBaby.app; sourceTree = BUILT_PRODUCTS_DIR; };
		A33DDD4C24B0861700BEF2A9 /* AppDelegate.swift */ = {isa = PBXFileReference; lastKnownFileType = sourcecode.swift; path = AppDelegate.swift; sourceTree = "<group>"; };
		A33DDD4E24B0861700BEF2A9 /* SceneDelegate.swift */ = {isa = PBXFileReference; lastKnownFileType = sourcecode.swift; path = SceneDelegate.swift; sourceTree = "<group>"; };
		A33DDD5024B0861700BEF2A9 /* ViewController.swift */ = {isa = PBXFileReference; lastKnownFileType = sourcecode.swift; path = ViewController.swift; sourceTree = "<group>"; };
		A33DDD5324B0861700BEF2A9 /* Base */ = {isa = PBXFileReference; lastKnownFileType = file.storyboard; name = Base; path = Base.lproj/Main.storyboard; sourceTree = "<group>"; };
		A33DDD5524B0861B00BEF2A9 /* Assets.xcassets */ = {isa = PBXFileReference; lastKnownFileType = folder.assetcatalog; path = Assets.xcassets; sourceTree = "<group>"; };
		A33DDD5824B0861B00BEF2A9 /* Base */ = {isa = PBXFileReference; lastKnownFileType = file.storyboard; name = Base; path = Base.lproj/LaunchScreen.storyboard; sourceTree = "<group>"; };
		A33DDD5A24B0861B00BEF2A9 /* Info.plist */ = {isa = PBXFileReference; lastKnownFileType = text.plist.xml; path = Info.plist; sourceTree = "<group>"; };
		A33DDD6024B0890300BEF2A9 /* ItemCollectionViewCell.swift */ = {isa = PBXFileReference; lastKnownFileType = sourcecode.swift; path = ItemCollectionViewCell.swift; sourceTree = "<group>"; };
		A33DDD6124B0890300BEF2A9 /* ItemCollectionViewCell.xib */ = {isa = PBXFileReference; lastKnownFileType = file.xib; path = ItemCollectionViewCell.xib; sourceTree = "<group>"; };
		A33DDD6424B09CD700BEF2A9 /* SoundsListDetailVC.swift */ = {isa = PBXFileReference; lastKnownFileType = sourcecode.swift; path = SoundsListDetailVC.swift; sourceTree = "<group>"; };
		A33DDD6624B0B3EC00BEF2A9 /* SoundPlayerVC.swift */ = {isa = PBXFileReference; lastKnownFileType = sourcecode.swift; path = SoundPlayerVC.swift; sourceTree = "<group>"; };
		A33FFD8724E009A90097E454 /* SleepLullaby1.mp3 */ = {isa = PBXFileReference; lastKnownFileType = audio.mp3; path = SleepLullaby1.mp3; sourceTree = "<group>"; };
		A33FFD8924E00B230097E454 /* catLullaby2_item4.mp3 */ = {isa = PBXFileReference; lastKnownFileType = audio.mp3; path = catLullaby2_item4.mp3; sourceTree = "<group>"; };
		A33FFD8C24E00C2B0097E454 /* catLullaby3_item3.mp3 */ = {isa = PBXFileReference; lastKnownFileType = audio.mp3; path = catLullaby3_item3.mp3; sourceTree = "<group>"; };
		A33FFD8D24E00C2C0097E454 /* catLullaby3_item4.mp3 */ = {isa = PBXFileReference; lastKnownFileType = audio.mp3; path = catLullaby3_item4.mp3; sourceTree = "<group>"; };
		A33FFD8E24E00C2D0097E454 /* catLullaby3_item5.mp3 */ = {isa = PBXFileReference; lastKnownFileType = audio.mp3; path = catLullaby3_item5.mp3; sourceTree = "<group>"; };
		A33FFD9224E010050097E454 /* SleepBoy2.mp3 */ = {isa = PBXFileReference; lastKnownFileType = audio.mp3; path = SleepBoy2.mp3; sourceTree = "<group>"; };
		A33FFD9324E010060097E454 /* SleepBoy1.mp3 */ = {isa = PBXFileReference; lastKnownFileType = audio.mp3; path = SleepBoy1.mp3; sourceTree = "<group>"; };
		A33FFD9624E013950097E454 /* SleepGirl2.mp3 */ = {isa = PBXFileReference; lastKnownFileType = audio.mp3; path = SleepGirl2.mp3; sourceTree = "<group>"; };
		A33FFD9724E013950097E454 /* SleepGirl1.mp3 */ = {isa = PBXFileReference; lastKnownFileType = audio.mp3; path = SleepGirl1.mp3; sourceTree = "<group>"; };
		A382C22124C45C7D00A40F76 /* Utilities.swift */ = {isa = PBXFileReference; lastKnownFileType = sourcecode.swift; path = Utilities.swift; sourceTree = "<group>"; };
		A3C7CFF724CDAF8F00C1FB6A /* hairdryer1.mp3 */ = {isa = PBXFileReference; lastKnownFileType = audio.mp3; path = hairdryer1.mp3; sourceTree = "<group>"; };
		A3C7CFF924CDAF9E00C1FB6A /* SleepLullaby2.mp3 */ = {isa = PBXFileReference; lastKnownFileType = audio.mp3; path = SleepLullaby2.mp3; sourceTree = "<group>"; };
		A3C7CFFB24CDAFB200C1FB6A /* music_box_0.mp3 */ = {isa = PBXFileReference; lastKnownFileType = audio.mp3; path = music_box_0.mp3; sourceTree = "<group>"; };
		A3C7CFFD24CDAFC400C1FB6A /* watersound1.mp3 */ = {isa = PBXFileReference; lastKnownFileType = audio.mp3; path = watersound1.mp3; sourceTree = "<group>"; };
		A3C7CFFF24CDAFD100C1FB6A /* wave1.mp3 */ = {isa = PBXFileReference; lastKnownFileType = audio.mp3; path = wave1.mp3; sourceTree = "<group>"; };
		A3C7D00424CDB47B00C1FB6A /* EdvardGrieg-Peer-gynt-morning-mood.mp3 */ = {isa = PBXFileReference; lastKnownFileType = audio.mp3; path = "EdvardGrieg-Peer-gynt-morning-mood.mp3"; sourceTree = "<group>"; };
		A3C7D00524CDB47B00C1FB6A /* Vivaldi-The-four-seasons-winter.mp3 */ = {isa = PBXFileReference; lastKnownFileType = audio.mp3; path = "Vivaldi-The-four-seasons-winter.mp3"; sourceTree = "<group>"; };
		A3C7D00B24CDB90600C1FB6A /* Chopin-Nocturneop.9No.2.mp3 */ = {isa = PBXFileReference; lastKnownFileType = audio.mp3; path = "Chopin-Nocturneop.9No.2.mp3"; sourceTree = "<group>"; };
		A3C7D00F24CDB9B700C1FB6A /* Beethoven-FurElise.mp3 */ = {isa = PBXFileReference; lastKnownFileType = audio.mp3; path = "Beethoven-FurElise.mp3"; sourceTree = "<group>"; };
		A3C7D01324CE083200C1FB6A /* mozart-piano-Sonata.mp3 */ = {isa = PBXFileReference; lastKnownFileType = audio.mp3; path = "mozart-piano-Sonata.mp3"; sourceTree = "<group>"; };
		A3C7D01524CE084100C1FB6A /* whitenoise1.mp3 */ = {isa = PBXFileReference; lastKnownFileType = audio.mp3; path = whitenoise1.mp3; sourceTree = "<group>"; };
		A3C7D01624CE084200C1FB6A /* whitenoise2.mp3 */ = {isa = PBXFileReference; lastKnownFileType = audio.mp3; path = whitenoise2.mp3; sourceTree = "<group>"; };
		A3C7D01A24CE087100C1FB6A /* campfire1.mp3 */ = {isa = PBXFileReference; lastKnownFileType = audio.mp3; path = campfire1.mp3; sourceTree = "<group>"; };
		A3C7D01F24CE0B4C00C1FB6A /* kolicvacumm.mp3 */ = {isa = PBXFileReference; lastKnownFileType = audio.mp3; path = kolicvacumm.mp3; sourceTree = "<group>"; };
		A3C7D02524CE104800C1FB6A /* womb.mp3 */ = {isa = PBXFileReference; lastKnownFileType = audio.mp3; path = womb.mp3; sourceTree = "<group>"; };
		A3D39ABE24C59A9300C538A7 /* SliderCostumHeight.swift */ = {isa = PBXFileReference; lastKnownFileType = sourcecode.swift; path = SliderCostumHeight.swift; sourceTree = "<group>"; };
/* End PBXFileReference section */

/* Begin PBXFrameworksBuildPhase section */
		A33DDD4624B0861700BEF2A9 /* Frameworks */ = {
			isa = PBXFrameworksBuildPhase;
			buildActionMask = 2147483647;
			files = (
			);
			runOnlyForDeploymentPostprocessing = 0;
		};
/* End PBXFrameworksBuildPhase section */

/* Begin PBXGroup section */
		4A240D6D24DA968B00EE516A /* Cell */ = {
			isa = PBXGroup;
			children = (
				4A240D6F24DA969C00EE516A /* TVC */,
				4A240D6E24DA969700EE516A /* CVC */,
			);
			path = Cell;
			sourceTree = "<group>";
		};
		4A240D6E24DA969700EE516A /* CVC */ = {
			isa = PBXGroup;
			children = (
				A33DDD6024B0890300BEF2A9 /* ItemCollectionViewCell.swift */,
				A33DDD6124B0890300BEF2A9 /* ItemCollectionViewCell.xib */,
			);
			path = CVC;
			sourceTree = "<group>";
		};
		4A240D6F24DA969C00EE516A /* TVC */ = {
			isa = PBXGroup;
			children = (
			);
			path = TVC;
			sourceTree = "<group>";
		};
		4AD3E0C424E13D7600AB327E /* categoryHappyBirthday */ = {
			isa = PBXGroup;
			children = (
				4AD3E0C524E13D8A00AB327E /* happybirthday.mp3 */,
				4AD3E0CD24E2A9EF00AB327E /* happybirthday1.wav */,
			);
			path = categoryHappyBirthday;
			sourceTree = "<group>";
		};
		A300A03624B712B400CB563E /* Sounds */ = {
			isa = PBXGroup;
			children = (
				4AD3E0C424E13D7600AB327E /* categoryHappyBirthday */,
				A3C7D01C24CE0A2800C1FB6A /* categoryWomb */,
				A3081A8F24BA1468005118B4 /* categoryLullaby */,
				A3081A8E24BA1465005118B4 /* categorySweetDream */,
				A33FFD8B24E00C0E0097E454 /* categoryMoonSongs */,
				A3081A8D24BA1463005118B4 /* categoryMusicbox */,
				A3081A9424BA1477005118B4 /* categoryClassicmusic */,
				A3081A9324BA1474005118B4 /* categoryColic */,
				A3081A8A24BA1444005118B4 /* categoryBird */,
				A3081A9524BA147B005118B4 /* categoryBoy */,
				A3081A9224BA1471005118B4 /* categoryGirl */,
				A3081A9024BA146B005118B4 /* categoryIslamiclullaby */,
				A3C7D01924CE085400C1FB6A /* categoryCampFire */,
				A3081A9124BA146E005118B4 /* categoryHairdryer */,
				A3081A8B24BA145D005118B4 /* categoryVacuumcleaner */,
				A3081A8C24BA1460005118B4 /* categoryRain */,
				A3081A9724BA14E5005118B4 /* categoryWater */,
				A3081A9624BA14E1005118B4 /* categoryWave */,
			);
			path = Sounds;
			sourceTree = "<group>";
		};
		A3081A8A24BA1444005118B4 /* categoryBird */ = {
			isa = PBXGroup;
			children = (
				A3081A8824B9E3C8005118B4 /* birdSound.mp3 */,
				A3081A9824BA17B3005118B4 /* birdSound2.mp3 */,
				A3081A9B24BA1C0E005118B4 /* birdSound3.mp3 */,
				A3081A9A24BA1C0E005118B4 /* birdSound4.mp3 */,
				A3081A9C24BA1C0E005118B4 /* birdSound5.mp3 */,
				4AD3E0C924E2A9C800AB327E /* birdSound6.mp3 */,
				4AD3E0CA24E2A9C900AB327E /* birdSound7.wav */,
			);
			path = categoryBird;
			sourceTree = "<group>";
		};
		A3081A8B24BA145D005118B4 /* categoryVacuumcleaner */ = {
			isa = PBXGroup;
			children = (
			);
			path = categoryVacuumcleaner;
			sourceTree = "<group>";
		};
		A3081A8C24BA1460005118B4 /* categoryRain */ = {
			isa = PBXGroup;
			children = (
			);
			path = categoryRain;
			sourceTree = "<group>";
		};
		A3081A8D24BA1463005118B4 /* categoryMusicbox */ = {
			isa = PBXGroup;
			children = (
				A3C7CFFB24CDAFB200C1FB6A /* music_box_0.mp3 */,
				4AD3E0D324E2AB6F00AB327E /* music_box_1.mp3 */,
				4AD3E0CF24E2AB6D00AB327E /* music_box_2.wav */,
				4AD3E0D024E2AB6E00AB327E /* music_box_3.mp3 */,
				4AD3E0D424E2AB6F00AB327E /* music_box_4.mp3 */,
				4AD3E0D524E2AB6F00AB327E /* music_box_5.mp3 */,
				4AD3E0D124E2AB6E00AB327E /* music_box_6.mp3 */,
				4AD3E0D224E2AB6F00AB327E /* music_box_7.wav */,
			);
			path = categoryMusicbox;
			sourceTree = "<group>";
		};
		A3081A8E24BA1465005118B4 /* categorySweetDream */ = {
			isa = PBXGroup;
			children = (
				4AD3E0FA24E2B0AB00AB327E /* catLullaby2_item0.mp3 */,
				4AD3E0F724E2B0A900AB327E /* catLullaby2_item1.mp3 */,
				4AD3E0F824E2B0A900AB327E /* catLullaby2_item2.mp3 */,
				4AD3E0F924E2B0AA00AB327E /* catLullaby2_item3.mp3 */,
				A33FFD8924E00B230097E454 /* catLullaby2_item4.mp3 */,
				4AFD906324D95FF600551004 /* catLullaby2_item5.mp3 */,
			);
			path = categorySweetDream;
			sourceTree = "<group>";
		};
		A3081A8F24BA1468005118B4 /* categoryLullaby */ = {
			isa = PBXGroup;
			children = (
				4AD3E0ED24E2AF2E00AB327E /* SleepLullaby3.mp3 */,
				4AD3E0EF24E2AF2F00AB327E /* SleepLullaby4.mp3 */,
				4AD3E0F024E2AF3000AB327E /* SleepLullaby5.mp3 */,
				4AD3E0EE24E2AF2F00AB327E /* SleepLullaby6.mp3 */,
				4AD3E0F124E2AF3100AB327E /* SleepLullaby7.wav */,
				A33FFD8724E009A90097E454 /* SleepLullaby1.mp3 */,
				A3C7CFF924CDAF9E00C1FB6A /* SleepLullaby2.mp3 */,
			);
			path = categoryLullaby;
			sourceTree = "<group>";
		};
		A3081A9024BA146B005118B4 /* categoryIslamiclullaby */ = {
			isa = PBXGroup;
			children = (
			);
			path = categoryIslamiclullaby;
			sourceTree = "<group>";
		};
		A3081A9124BA146E005118B4 /* categoryHairdryer */ = {
			isa = PBXGroup;
			children = (
				A3C7CFF724CDAF8F00C1FB6A /* hairdryer1.mp3 */,
			);
			path = categoryHairdryer;
			sourceTree = "<group>";
		};
		A3081A9224BA1471005118B4 /* categoryGirl */ = {
			isa = PBXGroup;
			children = (
				A33FFD9724E013950097E454 /* SleepGirl1.mp3 */,
				A33FFD9624E013950097E454 /* SleepGirl2.mp3 */,
				4AD3E0E624E2ADC500AB327E /* SleepGirl3.mp3 */,
				4AD3E0E524E2ADC400AB327E /* SleepGirl4.mp3 */,
				4AD3E0E724E2ADC500AB327E /* SleepGirl5.mp3 */,
				4AD3E0E824E2ADC600AB327E /* SleepGirl6.mp3 */,
			);
			path = categoryGirl;
			sourceTree = "<group>";
		};
		A3081A9324BA1474005118B4 /* categoryColic */ = {
			isa = PBXGroup;
			children = (
				A3C7D01F24CE0B4C00C1FB6A /* kolicvacumm.mp3 */,
			);
			path = categoryColic;
			sourceTree = "<group>";
		};
		A3081A9424BA1477005118B4 /* categoryClassicmusic */ = {
			isa = PBXGroup;
			children = (
				A3C7D00F24CDB9B700C1FB6A /* Beethoven-FurElise.mp3 */,
				A3C7D00B24CDB90600C1FB6A /* Chopin-Nocturneop.9No.2.mp3 */,
				A3C7D00424CDB47B00C1FB6A /* EdvardGrieg-Peer-gynt-morning-mood.mp3 */,
				A3C7D00524CDB47B00C1FB6A /* Vivaldi-The-four-seasons-winter.mp3 */,
				A3C7D01324CE083200C1FB6A /* mozart-piano-Sonata.mp3 */,
			);
			path = categoryClassicmusic;
			sourceTree = "<group>";
		};
		A3081A9524BA147B005118B4 /* categoryBoy */ = {
			isa = PBXGroup;
			children = (
				A33FFD9324E010060097E454 /* SleepBoy1.mp3 */,
				A33FFD9224E010050097E454 /* SleepBoy2.mp3 */,
				4AD3E0DF24E2ACE400AB327E /* SleepBoy3.mp3 */,
				4AD3E0DE24E2ACE300AB327E /* SleepBoy4.mp3 */,
				4AD3E0DD24E2ACE200AB327E /* SleepBoy5.mp3 */,
				4AD3E0E024E2ACE400AB327E /* SleepBoy6.mp3 */,
			);
			path = categoryBoy;
			sourceTree = "<group>";
		};
		A3081A9624BA14E1005118B4 /* categoryWave */ = {
			isa = PBXGroup;
			children = (
				A3C7CFFF24CDAFD100C1FB6A /* wave1.mp3 */,
			);
			path = categoryWave;
			sourceTree = "<group>";
		};
		A3081A9724BA14E5005118B4 /* categoryWater */ = {
			isa = PBXGroup;
			children = (
				A3C7CFFD24CDAFC400C1FB6A /* watersound1.mp3 */,
			);
			path = categoryWater;
			sourceTree = "<group>";
		};
		A33DDD4024B0861700BEF2A9 = {
			isa = PBXGroup;
			children = (
				A33DDD4B24B0861700BEF2A9 /* MR.Baby */,
				A33DDD4A24B0861700BEF2A9 /* Products */,
			);
			sourceTree = "<group>";
		};
		A33DDD4A24B0861700BEF2A9 /* Products */ = {
			isa = PBXGroup;
			children = (
				A33DDD4924B0861700BEF2A9 /* MyBaby.app */,
			);
			name = Products;
			sourceTree = "<group>";
		};
		A33DDD4B24B0861700BEF2A9 /* MR.Baby */ = {
			isa = PBXGroup;
			children = (
				A33DDD4C24B0861700BEF2A9 /* AppDelegate.swift */,
				A33DDD4E24B0861700BEF2A9 /* SceneDelegate.swift */,
				A33DDD5224B0861700BEF2A9 /* Main.storyboard */,
				A33DDD5724B0861B00BEF2A9 /* LaunchScreen.storyboard */,
				A33DDD5A24B0861B00BEF2A9 /* Info.plist */,
				A33DDD5024B0861700BEF2A9 /* ViewController.swift */,
				A33DDD6424B09CD700BEF2A9 /* SoundsListDetailVC.swift */,
				A33DDD6624B0B3EC00BEF2A9 /* SoundPlayerVC.swift */,
				4AD3E0C724E13E7600AB327E /* AudioItems.swift */,
				A33DDD5524B0861B00BEF2A9 /* Assets.xcassets */,
				A3D39ABC24C59A4F00C538A7 /* ReuseableViews */,
				A382C22024C45C6800A40F76 /* Utilities */,
				A300A03624B712B400CB563E /* Sounds */,
			);
			path = MR.Baby;
			sourceTree = "<group>";
		};
		A33FFD8B24E00C0E0097E454 /* categoryMoonSongs */ = {
			isa = PBXGroup;
			children = (
				4AD3E10024E2B2A500AB327E /* catLullaby3_item0.mp3 */,
				4AD3E10124E2B2A600AB327E /* catLullaby3_item1.mp3 */,
				4AD3E0FF24E2B2A500AB327E /* catLullaby3_item2.wav */,
				A33FFD8C24E00C2B0097E454 /* catLullaby3_item3.mp3 */,
				A33FFD8D24E00C2C0097E454 /* catLullaby3_item4.mp3 */,
				A33FFD8E24E00C2D0097E454 /* catLullaby3_item5.mp3 */,
			);
			path = categoryMoonSongs;
			sourceTree = "<group>";
		};
		A382C22024C45C6800A40F76 /* Utilities */ = {
			isa = PBXGroup;
			children = (
				A382C22124C45C7D00A40F76 /* Utilities.swift */,
			);
			path = Utilities;
			sourceTree = "<group>";
		};
		A3C7D01924CE085400C1FB6A /* categoryCampFire */ = {
			isa = PBXGroup;
			children = (
				A3C7D01A24CE087100C1FB6A /* campfire1.mp3 */,
			);
			path = categoryCampFire;
			sourceTree = "<group>";
		};
		A3C7D01C24CE0A2800C1FB6A /* categoryWomb */ = {
			isa = PBXGroup;
			children = (
				A3C7D01524CE084100C1FB6A /* whitenoise1.mp3 */,
				A3C7D01624CE084200C1FB6A /* whitenoise2.mp3 */,
				A3C7D02524CE104800C1FB6A /* womb.mp3 */,
			);
			path = categoryWomb;
			sourceTree = "<group>";
		};
		A3D39ABC24C59A4F00C538A7 /* ReuseableViews */ = {
			isa = PBXGroup;
			children = (
				4A240D6D24DA968B00EE516A /* Cell */,
				A3D39ABD24C59A6400C538A7 /* Views */,
			);
			path = ReuseableViews;
			sourceTree = "<group>";
		};
		A3D39ABD24C59A6400C538A7 /* Views */ = {
			isa = PBXGroup;
			children = (
				A3D39ABE24C59A9300C538A7 /* SliderCostumHeight.swift */,
			);
			path = Views;
			sourceTree = "<group>";
		};
/* End PBXGroup section */

/* Begin PBXNativeTarget section */
		A33DDD4824B0861700BEF2A9 /* MR.Baby */ = {
			isa = PBXNativeTarget;
			buildConfigurationList = A33DDD5D24B0861B00BEF2A9 /* Build configuration list for PBXNativeTarget "MR.Baby" */;
			buildPhases = (
				A33DDD4524B0861700BEF2A9 /* Sources */,
				A33DDD4624B0861700BEF2A9 /* Frameworks */,
				A33DDD4724B0861700BEF2A9 /* Resources */,
			);
			buildRules = (
			);
			dependencies = (
			);
			name = MR.Baby;
			productName = MR.Baby;
			productReference = A33DDD4924B0861700BEF2A9 /* MyBaby.app */;
			productType = "com.apple.product-type.application";
		};
/* End PBXNativeTarget section */

/* Begin PBXProject section */
		A33DDD4124B0861700BEF2A9 /* Project object */ = {
			isa = PBXProject;
			attributes = {
				LastSwiftUpdateCheck = 1110;
				LastUpgradeCheck = 1110;
				ORGANIZATIONNAME = "Mahmut Mercan";
				TargetAttributes = {
					A33DDD4824B0861700BEF2A9 = {
						CreatedOnToolsVersion = 11.1;
					};
				};
			};
			buildConfigurationList = A33DDD4424B0861700BEF2A9 /* Build configuration list for PBXProject "MR.Baby" */;
			compatibilityVersion = "Xcode 9.3";
			developmentRegion = en;
			hasScannedForEncodings = 0;
			knownRegions = (
				en,
				Base,
			);
			mainGroup = A33DDD4024B0861700BEF2A9;
			productRefGroup = A33DDD4A24B0861700BEF2A9 /* Products */;
			projectDirPath = "";
			projectRoot = "";
			targets = (
				A33DDD4824B0861700BEF2A9 /* MR.Baby */,
			);
		};
/* End PBXProject section */

/* Begin PBXResourcesBuildPhase section */
		A33DDD4724B0861700BEF2A9 /* Resources */ = {
			isa = PBXResourcesBuildPhase;
			buildActionMask = 2147483647;
			files = (
				4AD3E0D924E2AB7000AB327E /* music_box_7.wav in Resources */,
				4AD3E0E924E2ADC600AB327E /* SleepGirl4.mp3 in Resources */,
				4AD3E0E324E2ACE400AB327E /* SleepBoy3.mp3 in Resources */,
				A33FFD9524E010060097E454 /* SleepBoy1.mp3 in Resources */,
				4AD3E0FD24E2B0AB00AB327E /* catLullaby2_item3.mp3 in Resources */,
				A3C7D02024CE0B4C00C1FB6A /* kolicvacumm.mp3 in Resources */,
				A3C7CFFC24CDAFB200C1FB6A /* music_box_0.mp3 in Resources */,
				A3C7D00024CDAFD100C1FB6A /* wave1.mp3 in Resources */,
				4AD3E0EA24E2ADC600AB327E /* SleepGirl3.mp3 in Resources */,
				4AD3E0F624E2AF3100AB327E /* SleepLullaby7.wav in Resources */,
				4AD3E0CE24E2A9EF00AB327E /* happybirthday1.wav in Resources */,
				4AD3E0FC24E2B0AB00AB327E /* catLullaby2_item2.mp3 in Resources */,
				A3C7CFFE24CDAFC400C1FB6A /* watersound1.mp3 in Resources */,
				A33DDD5924B0861B00BEF2A9 /* LaunchScreen.storyboard in Resources */,
				4AFD906424D95FF600551004 /* catLullaby2_item5.mp3 in Resources */,
				A33FFD8F24E00C2D0097E454 /* catLullaby3_item3.mp3 in Resources */,
				4AD3E10324E2B2A600AB327E /* catLullaby3_item0.mp3 in Resources */,
				4AD3E0D624E2AB7000AB327E /* music_box_2.wav in Resources */,
				A3081A8924B9E3C8005118B4 /* birdSound.mp3 in Resources */,
				4AD3E0DC24E2AB7000AB327E /* music_box_5.mp3 in Resources */,
				4AD3E0EB24E2ADC600AB327E /* SleepGirl5.mp3 in Resources */,
				A3081A9D24BA1C0E005118B4 /* birdSound4.mp3 in Resources */,
				4AD3E0CC24E2A9C900AB327E /* birdSound7.wav in Resources */,
				4AD3E0FB24E2B0AB00AB327E /* catLullaby2_item1.mp3 in Resources */,
				A33FFD8824E009A90097E454 /* SleepLullaby1.mp3 in Resources */,
				A3C7CFF824CDAF8F00C1FB6A /* hairdryer1.mp3 in Resources */,
				A3081A9F24BA1C0E005118B4 /* birdSound5.mp3 in Resources */,
				4AD3E0E424E2ACE400AB327E /* SleepBoy6.mp3 in Resources */,
				A33FFD9124E00C2D0097E454 /* catLullaby3_item5.mp3 in Resources */,
				4AD3E10224E2B2A600AB327E /* catLullaby3_item2.wav in Resources */,
				A3C7D01824CE084200C1FB6A /* whitenoise2.mp3 in Resources */,
				4AD3E0F424E2AF3100AB327E /* SleepLullaby4.mp3 in Resources */,
				4AD3E10424E2B2A600AB327E /* catLullaby3_item1.mp3 in Resources */,
				A3C7CFFA24CDAF9E00C1FB6A /* SleepLullaby2.mp3 in Resources */,
				4AD3E0F324E2AF3100AB327E /* SleepLullaby6.mp3 in Resources */,
				A33DDD6324B0890300BEF2A9 /* ItemCollectionViewCell.xib in Resources */,
				A3081A9E24BA1C0E005118B4 /* birdSound3.mp3 in Resources */,
				A33FFD9924E013950097E454 /* SleepGirl1.mp3 in Resources */,
				A3C7D00A24CDB47B00C1FB6A /* Vivaldi-The-four-seasons-winter.mp3 in Resources */,
				4AD3E0F224E2AF3100AB327E /* SleepLullaby3.mp3 in Resources */,
				A3C7D00924CDB47B00C1FB6A /* EdvardGrieg-Peer-gynt-morning-mood.mp3 in Resources */,
				4AD3E0DB24E2AB7000AB327E /* music_box_4.mp3 in Resources */,
				4AD3E0E124E2ACE400AB327E /* SleepBoy5.mp3 in Resources */,
				4AD3E0EC24E2ADC600AB327E /* SleepGirl6.mp3 in Resources */,
				4AD3E0D724E2AB7000AB327E /* music_box_3.mp3 in Resources */,
				A33FFD9824E013950097E454 /* SleepGirl2.mp3 in Resources */,
				A33FFD8A24E00B240097E454 /* catLullaby2_item4.mp3 in Resources */,
				A3C7D02624CE104900C1FB6A /* womb.mp3 in Resources */,
				A33FFD9024E00C2D0097E454 /* catLullaby3_item4.mp3 in Resources */,
				A3081A9924BA17B3005118B4 /* birdSound2.mp3 in Resources */,
				4AD3E0DA24E2AB7000AB327E /* music_box_1.mp3 in Resources */,
				4AD3E0D824E2AB7000AB327E /* music_box_6.mp3 in Resources */,
				A33DDD5624B0861B00BEF2A9 /* Assets.xcassets in Resources */,
				A3C7D00D24CDB90700C1FB6A /* Chopin-Nocturneop.9No.2.mp3 in Resources */,
				4AD3E0CB24E2A9C900AB327E /* birdSound6.mp3 in Resources */,
				4AD3E0FE24E2B0AB00AB327E /* catLullaby2_item0.mp3 in Resources */,
				A3C7D01424CE083200C1FB6A /* mozart-piano-Sonata.mp3 in Resources */,
				4AD3E0C624E13D8A00AB327E /* happybirthday.mp3 in Resources */,
				A3C7D01024CDB9B700C1FB6A /* Beethoven-FurElise.mp3 in Resources */,
				4AD3E0F524E2AF3100AB327E /* SleepLullaby5.mp3 in Resources */,
				A3C7D01B24CE087100C1FB6A /* campfire1.mp3 in Resources */,
				A33DDD5424B0861700BEF2A9 /* Main.storyboard in Resources */,
				A3C7D01724CE084200C1FB6A /* whitenoise1.mp3 in Resources */,
				4AD3E0E224E2ACE400AB327E /* SleepBoy4.mp3 in Resources */,
				A33FFD9424E010060097E454 /* SleepBoy2.mp3 in Resources */,
			);
			runOnlyForDeploymentPostprocessing = 0;
		};
/* End PBXResourcesBuildPhase section */

/* Begin PBXSourcesBuildPhase section */
		A33DDD4524B0861700BEF2A9 /* Sources */ = {
			isa = PBXSourcesBuildPhase;
			buildActionMask = 2147483647;
			files = (
				A33DDD5124B0861700BEF2A9 /* ViewController.swift in Sources */,
				A33DDD6724B0B3EC00BEF2A9 /* SoundPlayerVC.swift in Sources */,
				A3D39ABF24C59A9300C538A7 /* SliderCostumHeight.swift in Sources */,
				4AD3E0C824E13E7600AB327E /* AudioItems.swift in Sources */,
				A382C22224C45C7D00A40F76 /* Utilities.swift in Sources */,
				A33DDD6224B0890300BEF2A9 /* ItemCollectionViewCell.swift in Sources */,
				A33DDD4D24B0861700BEF2A9 /* AppDelegate.swift in Sources */,
				A33DDD6524B09CD700BEF2A9 /* SoundsListDetailVC.swift in Sources */,
				A33DDD4F24B0861700BEF2A9 /* SceneDelegate.swift in Sources */,
			);
			runOnlyForDeploymentPostprocessing = 0;
		};
/* End PBXSourcesBuildPhase section */

/* Begin PBXVariantGroup section */
		A33DDD5224B0861700BEF2A9 /* Main.storyboard */ = {
			isa = PBXVariantGroup;
			children = (
				A33DDD5324B0861700BEF2A9 /* Base */,
			);
			name = Main.storyboard;
			sourceTree = "<group>";
		};
		A33DDD5724B0861B00BEF2A9 /* LaunchScreen.storyboard */ = {
			isa = PBXVariantGroup;
			children = (
				A33DDD5824B0861B00BEF2A9 /* Base */,
			);
			name = LaunchScreen.storyboard;
			sourceTree = "<group>";
		};
/* End PBXVariantGroup section */

/* Begin XCBuildConfiguration section */
		A33DDD5B24B0861B00BEF2A9 /* Debug */ = {
			isa = XCBuildConfiguration;
			buildSettings = {
				ALWAYS_SEARCH_USER_PATHS = NO;
				CLANG_ANALYZER_NONNULL = YES;
				CLANG_ANALYZER_NUMBER_OBJECT_CONVERSION = YES_AGGRESSIVE;
				CLANG_CXX_LANGUAGE_STANDARD = "gnu++14";
				CLANG_CXX_LIBRARY = "libc++";
				CLANG_ENABLE_MODULES = YES;
				CLANG_ENABLE_OBJC_ARC = YES;
				CLANG_ENABLE_OBJC_WEAK = YES;
				CLANG_WARN_BLOCK_CAPTURE_AUTORELEASING = YES;
				CLANG_WARN_BOOL_CONVERSION = YES;
				CLANG_WARN_COMMA = YES;
				CLANG_WARN_CONSTANT_CONVERSION = YES;
				CLANG_WARN_DEPRECATED_OBJC_IMPLEMENTATIONS = YES;
				CLANG_WARN_DIRECT_OBJC_ISA_USAGE = YES_ERROR;
				CLANG_WARN_DOCUMENTATION_COMMENTS = YES;
				CLANG_WARN_EMPTY_BODY = YES;
				CLANG_WARN_ENUM_CONVERSION = YES;
				CLANG_WARN_INFINITE_RECURSION = YES;
				CLANG_WARN_INT_CONVERSION = YES;
				CLANG_WARN_NON_LITERAL_NULL_CONVERSION = YES;
				CLANG_WARN_OBJC_IMPLICIT_RETAIN_SELF = YES;
				CLANG_WARN_OBJC_LITERAL_CONVERSION = YES;
				CLANG_WARN_OBJC_ROOT_CLASS = YES_ERROR;
				CLANG_WARN_RANGE_LOOP_ANALYSIS = YES;
				CLANG_WARN_STRICT_PROTOTYPES = YES;
				CLANG_WARN_SUSPICIOUS_MOVE = YES;
				CLANG_WARN_UNGUARDED_AVAILABILITY = YES_AGGRESSIVE;
				CLANG_WARN_UNREACHABLE_CODE = YES;
				CLANG_WARN__DUPLICATE_METHOD_MATCH = YES;
				COPY_PHASE_STRIP = NO;
				DEBUG_INFORMATION_FORMAT = dwarf;
				ENABLE_STRICT_OBJC_MSGSEND = YES;
				ENABLE_TESTABILITY = YES;
				GCC_C_LANGUAGE_STANDARD = gnu11;
				GCC_DYNAMIC_NO_PIC = NO;
				GCC_NO_COMMON_BLOCKS = YES;
				GCC_OPTIMIZATION_LEVEL = 0;
				GCC_PREPROCESSOR_DEFINITIONS = (
					"DEBUG=1",
					"$(inherited)",
				);
				GCC_WARN_64_TO_32_BIT_CONVERSION = YES;
				GCC_WARN_ABOUT_RETURN_TYPE = YES_ERROR;
				GCC_WARN_UNDECLARED_SELECTOR = YES;
				GCC_WARN_UNINITIALIZED_AUTOS = YES_AGGRESSIVE;
				GCC_WARN_UNUSED_FUNCTION = YES;
				GCC_WARN_UNUSED_VARIABLE = YES;
				IPHONEOS_DEPLOYMENT_TARGET = 13.1;
				MTL_ENABLE_DEBUG_INFO = INCLUDE_SOURCE;
				MTL_FAST_MATH = YES;
				ONLY_ACTIVE_ARCH = YES;
				SDKROOT = iphoneos;
				SWIFT_ACTIVE_COMPILATION_CONDITIONS = DEBUG;
				SWIFT_OPTIMIZATION_LEVEL = "-Onone";
			};
			name = Debug;
		};
		A33DDD5C24B0861B00BEF2A9 /* Release */ = {
			isa = XCBuildConfiguration;
			buildSettings = {
				ALWAYS_SEARCH_USER_PATHS = NO;
				CLANG_ANALYZER_NONNULL = YES;
				CLANG_ANALYZER_NUMBER_OBJECT_CONVERSION = YES_AGGRESSIVE;
				CLANG_CXX_LANGUAGE_STANDARD = "gnu++14";
				CLANG_CXX_LIBRARY = "libc++";
				CLANG_ENABLE_MODULES = YES;
				CLANG_ENABLE_OBJC_ARC = YES;
				CLANG_ENABLE_OBJC_WEAK = YES;
				CLANG_WARN_BLOCK_CAPTURE_AUTORELEASING = YES;
				CLANG_WARN_BOOL_CONVERSION = YES;
				CLANG_WARN_COMMA = YES;
				CLANG_WARN_CONSTANT_CONVERSION = YES;
				CLANG_WARN_DEPRECATED_OBJC_IMPLEMENTATIONS = YES;
				CLANG_WARN_DIRECT_OBJC_ISA_USAGE = YES_ERROR;
				CLANG_WARN_DOCUMENTATION_COMMENTS = YES;
				CLANG_WARN_EMPTY_BODY = YES;
				CLANG_WARN_ENUM_CONVERSION = YES;
				CLANG_WARN_INFINITE_RECURSION = YES;
				CLANG_WARN_INT_CONVERSION = YES;
				CLANG_WARN_NON_LITERAL_NULL_CONVERSION = YES;
				CLANG_WARN_OBJC_IMPLICIT_RETAIN_SELF = YES;
				CLANG_WARN_OBJC_LITERAL_CONVERSION = YES;
				CLANG_WARN_OBJC_ROOT_CLASS = YES_ERROR;
				CLANG_WARN_RANGE_LOOP_ANALYSIS = YES;
				CLANG_WARN_STRICT_PROTOTYPES = YES;
				CLANG_WARN_SUSPICIOUS_MOVE = YES;
				CLANG_WARN_UNGUARDED_AVAILABILITY = YES_AGGRESSIVE;
				CLANG_WARN_UNREACHABLE_CODE = YES;
				CLANG_WARN__DUPLICATE_METHOD_MATCH = YES;
				COPY_PHASE_STRIP = NO;
				DEBUG_INFORMATION_FORMAT = "dwarf-with-dsym";
				ENABLE_NS_ASSERTIONS = NO;
				ENABLE_STRICT_OBJC_MSGSEND = YES;
				GCC_C_LANGUAGE_STANDARD = gnu11;
				GCC_NO_COMMON_BLOCKS = YES;
				GCC_WARN_64_TO_32_BIT_CONVERSION = YES;
				GCC_WARN_ABOUT_RETURN_TYPE = YES_ERROR;
				GCC_WARN_UNDECLARED_SELECTOR = YES;
				GCC_WARN_UNINITIALIZED_AUTOS = YES_AGGRESSIVE;
				GCC_WARN_UNUSED_FUNCTION = YES;
				GCC_WARN_UNUSED_VARIABLE = YES;
				IPHONEOS_DEPLOYMENT_TARGET = 13.1;
				MTL_ENABLE_DEBUG_INFO = NO;
				MTL_FAST_MATH = YES;
				SDKROOT = iphoneos;
				SWIFT_COMPILATION_MODE = wholemodule;
				SWIFT_OPTIMIZATION_LEVEL = "-O";
				VALIDATE_PRODUCT = YES;
			};
			name = Release;
		};
		A33DDD5E24B0861B00BEF2A9 /* Debug */ = {
			isa = XCBuildConfiguration;
			buildSettings = {
				ASSETCATALOG_COMPILER_APPICON_NAME = AppIcon;
				CODE_SIGN_STYLE = Automatic;
				CURRENT_PROJECT_VERSION = 3;
				DEVELOPMENT_TEAM = 9B6AFN73DR;
				INFOPLIST_FILE = MR.Baby/Info.plist;
				LD_RUNPATH_SEARCH_PATHS = (
					"$(inherited)",
					"@executable_path/Frameworks",
				);
				MARKETING_VERSION = 1.0.3;
				PRODUCT_BUNDLE_IDENTIFIER = com.mahmutmercan.MyBaby.Lullaby.sleep.womb.sound.kindergarden.relax;
				PRODUCT_NAME = MyBaby;
				SWIFT_VERSION = 5.0;
				TARGETED_DEVICE_FAMILY = 1;
			};
			name = Debug;
		};
		A33DDD5F24B0861B00BEF2A9 /* Release */ = {
			isa = XCBuildConfiguration;
			buildSettings = {
				ASSETCATALOG_COMPILER_APPICON_NAME = AppIcon;
				CODE_SIGN_STYLE = Automatic;
				CURRENT_PROJECT_VERSION = 3;
				DEVELOPMENT_TEAM = 9B6AFN73DR;
				INFOPLIST_FILE = MR.Baby/Info.plist;
				LD_RUNPATH_SEARCH_PATHS = (
					"$(inherited)",
					"@executable_path/Frameworks",
				);
				MARKETING_VERSION = 1.0.3;
				PRODUCT_BUNDLE_IDENTIFIER = com.mahmutmercan.MyBaby.Lullaby.sleep.womb.sound.kindergarden.relax;
				PRODUCT_NAME = MyBaby;
				SWIFT_VERSION = 5.0;
				TARGETED_DEVICE_FAMILY = 1;
			};
			name = Release;
		};
/* End XCBuildConfiguration section */

/* Begin XCConfigurationList section */
		A33DDD4424B0861700BEF2A9 /* Build configuration list for PBXProject "MR.Baby" */ = {
			isa = XCConfigurationList;
			buildConfigurations = (
				A33DDD5B24B0861B00BEF2A9 /* Debug */,
				A33DDD5C24B0861B00BEF2A9 /* Release */,
			);
			defaultConfigurationIsVisible = 0;
			defaultConfigurationName = Release;
		};
		A33DDD5D24B0861B00BEF2A9 /* Build configuration list for PBXNativeTarget "MR.Baby" */ = {
			isa = XCConfigurationList;
			buildConfigurations = (
				A33DDD5E24B0861B00BEF2A9 /* Debug */,
				A33DDD5F24B0861B00BEF2A9 /* Release */,
			);
			defaultConfigurationIsVisible = 0;
			defaultConfigurationName = Release;
		};
/* End XCConfigurationList section */
	};
	rootObject = A33DDD4124B0861700BEF2A9 /* Project object */;
}
